
Microsoft Visual Studio Solution File, Format Version 12.00
# Visual Studio Version 17
VisualStudioVersion = 17.9.34622.214
MinimumVisualStudioVersion = 10.0.40219.1
Project("{FAE04EC0-301F-11D3-BF4B-00C04F79EFBC}") = "RabbitMQDemo.Sender", "RabbitMQDemo.Sender\RabbitMQDemo.Sender.csproj", "{BB5E96E4-3292-43C3-854C-170363E5B7E8}"
EndProject
Project("{FAE04EC0-301F-11D3-BF4B-00C04F79EFBC}") = "RabbitMQDemo.Receiver", "RabbitMQDemo.Receiver\RabbitMQDemo.Receiver.csproj", "{BDE77ADF-C6BB-4029-AB5B-885620ABEDEC}"
EndProject
Project("{FAE04EC0-301F-11D3-BF4B-00C04F79EFBC}") = "RabbitMQDemo.Core", "RabbitMQDemo.Core\RabbitMQDemo.Core.csproj", "{6FEE417F-5669-4C01-B82B-A3A490653B34}"
EndProject
Global
	GlobalSection(SolutionConfigurationPlatforms) = preSolution
		Debug|Any CPU = Debug|Any CPU
		Release|Any CPU = Release|Any CPU
	EndGlobalSection
	GlobalSection(ProjectConfigurationPlatforms) = postSolution
		{BB5E96E4-3292-43C3-854C-170363E5B7E8}.Debug|Any CPU.ActiveCfg = Debug|Any CPU
		{BB5E96E4-3292-43C3-854C-170363E5B7E8}.Debug|Any CPU.Build.0 = Debug|Any CPU
		{BB5E96E4-3292-43C3-854C-170363E5B7E8}.Release|Any CPU.ActiveCfg = Release|Any CPU
		{BB5E96E4-3292-43C3-854C-170363E5B7E8}.Release|Any CPU.Build.0 = Release|Any CPU
		{BDE77ADF-C6BB-4029-AB5B-885620ABEDEC}.Debug|Any CPU.ActiveCfg = Debug|Any CPU
		{BDE77ADF-C6BB-4029-AB5B-885620ABEDEC}.Debug|Any CPU.Build.0 = Debug|Any CPU
		{BDE77ADF-C6BB-4029-AB5B-885620ABEDEC}.Release|Any CPU.ActiveCfg = Release|Any CPU
		{BDE77ADF-C6BB-4029-AB5B-885620ABEDEC}.Release|Any CPU.Build.0 = Release|Any CPU
		{6FEE417F-5669-4C01-B82B-A3A490653B34}.Debug|Any CPU.ActiveCfg = Debug|Any CPU
		{6FEE417F-5669-4C01-B82B-A3A490653B34}.Debug|Any CPU.Build.0 = Debug|Any CPU
		{6FEE417F-5669-4C01-B82B-A3A490653B34}.Release|Any CPU.ActiveCfg = Release|Any CPU
		{6FEE417F-5669-4C01-B82B-A3A490653B34}.Release|Any CPU.Build.0 = Release|Any CPU
	EndGlobalSection
	GlobalSection(SolutionProperties) = preSolution
		HideSolutionNode = FALSE
	EndGlobalSection
	GlobalSection(ExtensibilityGlobals) = postSolution
		SolutionGuid = {0BD629BE-7C9C-4B78-8F3B-406DC8C99D73}
	EndGlobalSection
EndGlobal
